
Microsoft Visual Studio Solution File, Format Version 12.00
# Visual Studio Version 17
VisualStudioVersion = 17.11.35303.130
MinimumVisualStudioVersion = 10.0.40219.1
Project("{8BC9CEB8-8B4A-11D0-8D11-00A0C91BC942}") = "math_dll", "math_dll\math_dll.vcxproj", "{241B189E-48B7-426F-996F-875851D93606}"
EndProject
Project("{8BC9CEB8-8B4A-11D0-8D11-00A0C91BC942}") = "test", "test\test.vcxproj", "{A2845269-12F7-4684-AE05-645BA679725B}"
EndProject
Global
	GlobalSection(SolutionConfigurationPlatforms) = preSolution
		Debug|x64 = Debug|x64
		Debug|x86 = Debug|x86
		Release|x64 = Release|x64
		Release|x86 = Release|x86
	EndGlobalSection
	GlobalSection(ProjectConfigurationPlatforms) = postSolution
		{241B189E-48B7-426F-996F-875851D93606}.Debug|x64.ActiveCfg = Debug|x64
		{241B189E-48B7-426F-996F-875851D93606}.Debug|x64.Build.0 = Debug|x64
		{241B189E-48B7-426F-996F-875851D93606}.Debug|x86.ActiveCfg = Debug|Win32
		{241B189E-48B7-426F-996F-875851D93606}.Debug|x86.Build.0 = Debug|Win32
		{241B189E-48B7-426F-996F-875851D93606}.Release|x64.ActiveCfg = Release|x64
		{241B189E-48B7-426F-996F-875851D93606}.Release|x64.Build.0 = Release|x64
		{241B189E-48B7-426F-996F-875851D93606}.Release|x86.ActiveCfg = Release|Win32
		{241B189E-48B7-426F-996F-875851D93606}.Release|x86.Build.0 = Release|Win32
		{A2845269-12F7-4684-AE05-645BA679725B}.Debug|x64.ActiveCfg = Debug|x64
		{A2845269-12F7-4684-AE05-645BA679725B}.Debug|x64.Build.0 = Debug|x64
		{A2845269-12F7-4684-AE05-645BA679725B}.Debug|x86.ActiveCfg = Debug|Win32
		{A2845269-12F7-4684-AE05-645BA679725B}.Debug|x86.Build.0 = Debug|Win32
		{A2845269-12F7-4684-AE05-645BA679725B}.Release|x64.ActiveCfg = Release|x64
		{A2845269-12F7-4684-AE05-645BA679725B}.Release|x64.Build.0 = Release|x64
		{A2845269-12F7-4684-AE05-645BA679725B}.Release|x86.ActiveCfg = Release|Win32
		{A2845269-12F7-4684-AE05-645BA679725B}.Release|x86.Build.0 = Release|Win32
	EndGlobalSection
	GlobalSection(SolutionProperties) = preSolution
		HideSolutionNode = FALSE
	EndGlobalSection
	GlobalSection(ExtensibilityGlobals) = postSolution
		SolutionGuid = {2BFF9481-BCFC-4A73-BE20-FE43DA3C180D}
	EndGlobalSection
EndGlobal
